{
  "nodes": {
    "nixpkgs": {
      "locked": {
        "lastModified": 1778430510,
        "narHash": "sha256-Ti+ZBvW6yrWWAg2szExVTwCd4qOJ3KlVr1tFHfyfi8Q=",
        "owner": "NixOS",
        "repo": "nixpkgs",
        "rev": "8fd9daa3db09ced9700431c5b7ad0e8ba199b575",
        "type": "github"
      },
      "original": {
        "owner": "NixOS",
        "ref": "nixos-25.11",
        "repo": "nixpkgs",
        "type": "github"
      }
    },
    "root": {
      "inputs": {
        "unpins-lib": "unpins-lib"
      }
    },
    "unpins-lib": {
      "inputs": {
        "nixpkgs": "nixpkgs"
      },
      "locked": {
        "lastModified": 1778673752,
        "narHash": "sha256-NfEs4ucIJUegBPuN6395l0Eh2bHTSpAoP+EeXLFK8AQ=",
        "owner": "unpins",
        "repo": "nix-lib",
        "rev": "b8803e0b44a5ec59ed9e37481ef5bf933dce7930",
        "type": "github"
      },
      "original": {
        "owner": "unpins",
        "ref": "v1",
        "repo": "nix-lib",
        "type": "github"
      }
    }
  },
  "root": "root",
  "version": 7
}
